
Microsoft Visual Studio Solution File, Format Version 12.00
# Visual Studio Version 17
VisualStudioVersion = 17.0.31903.59
MinimumVisualStudioVersion = 10.0.40219.1
Project("{9A19103F-16F7-4668-BE54-9A1E7A4F7556}") = "LIFTOFF", "LIFTOFF.csproj", "{BD54398E-3FA1-4893-8C6E-281F74CCB9BA}"
EndProject
Global
	GlobalSection(SolutionConfigurationPlatforms) = preSolution
		Debug|Any CPU = Debug|Any CPU
		Release|Any CPU = Release|Any CPU
	EndGlobalSection
	GlobalSection(ProjectConfigurationPlatforms) = postSolution
		{BD54398E-3FA1-4893-8C6E-281F74CCB9BA}.Debug|Any CPU.ActiveCfg = Debug|Any CPU
		{BD54398E-3FA1-4893-8C6E-281F74CCB9BA}.Debug|Any CPU.Build.0 = Debug|Any CPU
		{BD54398E-3FA1-4893-8C6E-281F74CCB9BA}.Release|Any CPU.ActiveCfg = Release|Any CPU
		{BD54398E-3FA1-4893-8C6E-281F74CCB9BA}.Release|Any CPU.Build.0 = Release|Any CPU
	EndGlobalSection
	GlobalSection(SolutionProperties) = preSolution
		HideSolutionNode = FALSE
	EndGlobalSection
	GlobalSection(ExtensibilityGlobals) = postSolution
		SolutionGuid = {335166DD-455B-41C4-9CA0-0AC3ED607B58}
	EndGlobalSection
EndGlobal
